// !$*UTF8*$!
{
	archiveVersion = 1;
	classes = {
	};
	objectVersion = 46;
	objects = {

/* Begin PBXBuildFile section */
		98EFDD6919C080DD007B95C8 /* main.m in Sources */ = {isa = PBXBuildFile; fileRef = 98EFDD6819C080DD007B95C8 /* main.m */; };
		98EFDD6C19C080DD007B95C8 /* AppDelegate.m in Sources */ = {isa = PBXBuildFile; fileRef = 98EFDD6B19C080DD007B95C8 /* AppDelegate.m */; };
		98EFDD6F19C080DD007B95C8 /* ViewController.m in Sources */ = {isa = PBXBuildFile; fileRef = 98EFDD6E19C080DD007B95C8 /* ViewController.m */; };
		98EFDD7219C080DD007B95C8 /* Main.storyboard in Resources */ = {isa = PBXBuildFile; fileRef = 98EFDD7019C080DD007B95C8 /* Main.storyboard */; };
		98EFDD7419C080DD007B95C8 /* Images.xcassets in Resources */ = {isa = PBXBuildFile; fileRef = 98EFDD7319C080DD007B95C8 /* Images.xcassets */; };
		98EFDD7719C080DD007B95C8 /* LaunchScreen.xib in Resources */ = {isa = PBXBuildFile; fileRef = 98EFDD7519C080DD007B95C8 /* LaunchScreen.xib */; };
		98EFDD8319C080DD007B95C8 /* APISiOSExampleTests.m in Sources */ = {isa = PBXBuildFile; fileRef = 98EFDD8219C080DD007B95C8 /* APISiOSExampleTests.m */; };
		98EFDD8D19C085B0007B95C8 /* appiaries.framework in Frameworks */ = {isa = PBXBuildFile; fileRef = 98EFDD8C19C085B0007B95C8 /* appiaries.framework */; };
/* End PBXBuildFile section */

/* Begin PBXContainerItemProxy section */
		98EFDD7D19C080DD007B95C8 /* PBXContainerItemProxy */ = {
			isa = PBXContainerItemProxy;
			containerPortal = 98EFDD5B19C080DD007B95C8 /* Project object */;
			proxyType = 1;
			remoteGlobalIDString = 98EFDD6219C080DD007B95C8;
			remoteInfo = APISiOSExample;
		};
		98EFDD8E19C08841007B95C8 /* PBXContainerItemProxy */ = {
			isa = PBXContainerItemProxy;
			containerPortal = 98EFDD5B19C080DD007B95C8 /* Project object */;
			proxyType = 1;
			remoteGlobalIDString = 98EFDD6219C080DD007B95C8;
			remoteInfo = APISiOSExample;
		};
		98EFDD9019C08871007B95C8 /* PBXContainerItemProxy */ = {
			isa = PBXContainerItemProxy;
			containerPortal = 98EFDD5B19C080DD007B95C8 /* Project object */;
			proxyType = 1;
			remoteGlobalIDString = 98EFDD6219C080DD007B95C8;
			remoteInfo = APISiOSExample;
		};
/* End PBXContainerItemProxy section */

/* Begin PBXFileReference section */
		98EFDD6319C080DD007B95C8 /* APISiOSExample.app */ = {isa = PBXFileReference; explicitFileType = wrapper.application; includeInIndex = 0; path = APISiOSExample.app; sourceTree = BUILT_PRODUCTS_DIR; };
		98EFDD6719C080DD007B95C8 /* Info.plist */ = {isa = PBXFileReference; lastKnownFileType = text.plist.xml; path = Info.plist; sourceTree = "<group>"; };
		98EFDD6819C080DD007B95C8 /* main.m */ = {isa = PBXFileReference; lastKnownFileType = sourcecode.c.objc; path = main.m; sourceTree = "<group>"; };
		98EFDD6A19C080DD007B95C8 /* AppDelegate.h */ = {isa = PBXFileReference; lastKnownFileType = sourcecode.c.h; path = AppDelegate.h; sourceTree = "<group>"; };
		98EFDD6B19C080DD007B95C8 /* AppDelegate.m */ = {isa = PBXFileReference; lastKnownFileType = sourcecode.c.objc; path = AppDelegate.m; sourceTree = "<group>"; };
		98EFDD6D19C080DD007B95C8 /* ViewController.h */ = {isa = PBXFileReference; lastKnownFileType = sourcecode.c.h; path = ViewController.h; sourceTree = "<group>"; };
		98EFDD6E19C080DD007B95C8 /* ViewController.m */ = {isa = PBXFileReference; lastKnownFileType = sourcecode.c.objc; path = ViewController.m; sourceTree = "<group>"; };
		98EFDD7119C080DD007B95C8 /* Base */ = {isa = PBXFileReference; lastKnownFileType = file.storyboard; name = Base; path = Base.lproj/Main.storyboard; sourceTree = "<group>"; };
		98EFDD7319C080DD007B95C8 /* Images.xcassets */ = {isa = PBXFileReference; lastKnownFileType = folder.assetcatalog; path = Images.xcassets; sourceTree = "<group>"; };
		98EFDD7619C080DD007B95C8 /* Base */ = {isa = PBXFileReference; lastKnownFileType = file.xib; name = Base; path = Base.lproj/LaunchScreen.xib; sourceTree = "<group>"; };
		98EFDD7C19C080DD007B95C8 /* APISiOSExampleTests.xctest */ = {isa = PBXFileReference; explicitFileType = wrapper.cfbundle; includeInIndex = 0; path = APISiOSExampleTests.xctest; sourceTree = BUILT_PRODUCTS_DIR; };
		98EFDD8119C080DD007B95C8 /* Info.plist */ = {isa = PBXFileReference; lastKnownFileType = text.plist.xml; path = Info.plist; sourceTree = "<group>"; };
		98EFDD8219C080DD007B95C8 /* APISiOSExampleTests.m */ = {isa = PBXFileReference; lastKnownFileType = sourcecode.c.objc; path = APISiOSExampleTests.m; sourceTree = "<group>"; };
		98EFDD8C19C085B0007B95C8 /* appiaries.framework */ = {isa = PBXFileReference; lastKnownFileType = wrapper.framework; path = appiaries.framework; sourceTree = "<group>"; };
/* End PBXFileReference section */

/* Begin PBXFrameworksBuildPhase section */
		98EFDD6019C080DD007B95C8 /* Frameworks */ = {
			isa = PBXFrameworksBuildPhase;
			buildActionMask = 2147483647;
			files = (
				98EFDD8D19C085B0007B95C8 /* appiaries.framework in Frameworks */,
			);
			runOnlyForDeploymentPostprocessing = 0;
		};
		98EFDD7919C080DD007B95C8 /* Frameworks */ = {
			isa = PBXFrameworksBuildPhase;
			buildActionMask = 2147483647;
			files = (
			);
			runOnlyForDeploymentPostprocessing = 0;
		};
/* End PBXFrameworksBuildPhase section */

/* Begin PBXGroup section */
		98EFDD5A19C080DD007B95C8 = {
			isa = PBXGroup;
			children = (
				98EFDD6519C080DD007B95C8 /* APISiOSExample */,
				98EFDD7F19C080DD007B95C8 /* APISiOSExampleTests */,
				98EFDD6419C080DD007B95C8 /* Products */,
			);
			sourceTree = "<group>";
		};
		98EFDD6419C080DD007B95C8 /* Products */ = {
			isa = PBXGroup;
			children = (
				98EFDD6319C080DD007B95C8 /* APISiOSExample.app */,
				98EFDD7C19C080DD007B95C8 /* APISiOSExampleTests.xctest */,
			);
			name = Products;
			sourceTree = "<group>";
		};
		98EFDD6519C080DD007B95C8 /* APISiOSExample */ = {
			isa = PBXGroup;
			children = (
				98EFDD8C19C085B0007B95C8 /* appiaries.framework */,
				98EFDD6A19C080DD007B95C8 /* AppDelegate.h */,
				98EFDD6B19C080DD007B95C8 /* AppDelegate.m */,
				98EFDD6D19C080DD007B95C8 /* ViewController.h */,
				98EFDD6E19C080DD007B95C8 /* ViewController.m */,
				98EFDD7019C080DD007B95C8 /* Main.storyboard */,
				98EFDD7319C080DD007B95C8 /* Images.xcassets */,
				98EFDD7519C080DD007B95C8 /* LaunchScreen.xib */,
				98EFDD6619C080DD007B95C8 /* Supporting Files */,
			);
			path = APISiOSExample;
			sourceTree = "<group>";
		};
		98EFDD6619C080DD007B95C8 /* Supporting Files */ = {
			isa = PBXGroup;
			children = (
				98EFDD6719C080DD007B95C8 /* Info.plist */,
				98EFDD6819C080DD007B95C8 /* main.m */,
			);
			name = "Supporting Files";
			sourceTree = "<group>";
		};
		98EFDD7F19C080DD007B95C8 /* APISiOSExampleTests */ = {
			isa = PBXGroup;
			children = (
				98EFDD8219C080DD007B95C8 /* APISiOSExampleTests.m */,
				98EFDD8019C080DD007B95C8 /* Supporting Files */,
			);
			path = APISiOSExampleTests;
			sourceTree = "<group>";
		};
		98EFDD8019C080DD007B95C8 /* Supporting Files */ = {
			isa = PBXGroup;
			children = (
				98EFDD8119C080DD007B95C8 /* Info.plist */,
			);
			name = "Supporting Files";
			sourceTree = "<group>";
		};
/* End PBXGroup section */

/* Begin PBXNativeTarget section */
		98EFDD6219C080DD007B95C8 /* APISiOSExample */ = {
			isa = PBXNativeTarget;
			buildConfigurationList = 98EFDD8619C080DD007B95C8 /* Build configuration list for PBXNativeTarget "APISiOSExample" */;
			buildPhases = (
				98EFDD5F19C080DD007B95C8 /* Sources */,
				98EFDD6019C080DD007B95C8 /* Frameworks */,
				98EFDD6119C080DD007B95C8 /* Resources */,
			);
			buildRules = (
			);
			dependencies = (
			);
			name = APISiOSExample;
			productName = APISiOSExample;
			productReference = 98EFDD6319C080DD007B95C8 /* APISiOSExample.app */;
			productType = "com.apple.product-type.application";
		};
		98EFDD7B19C080DD007B95C8 /* APISiOSExampleTests */ = {
			isa = PBXNativeTarget;
			buildConfigurationList = 98EFDD8919C080DD007B95C8 /* Build configuration list for PBXNativeTarget "APISiOSExampleTests" */;
			buildPhases = (
				98EFDD7819C080DD007B95C8 /* Sources */,
				98EFDD7919C080DD007B95C8 /* Frameworks */,
				98EFDD7A19C080DD007B95C8 /* Resources */,
			);
			buildRules = (
			);
			dependencies = (
				98EFDD7E19C080DD007B95C8 /* PBXTargetDependency */,
				98EFDD8F19C08841007B95C8 /* PBXTargetDependency */,
				98EFDD9119C08871007B95C8 /* PBXTargetDependency */,
			);
			name = APISiOSExampleTests;
			productName = APISiOSExampleTests;
			productReference = 98EFDD7C19C080DD007B95C8 /* APISiOSExampleTests.xctest */;
			productType = "com.apple.product-type.bundle.unit-test";
		};
/* End PBXNativeTarget section */

/* Begin PBXProject section */
		98EFDD5B19C080DD007B95C8 /* Project object */ = {
			isa = PBXProject;
			attributes = {
				LastUpgradeCheck = 0600;
				ORGANIZATIONNAME = "Yoji Ueda";
				TargetAttributes = {
					98EFDD6219C080DD007B95C8 = {
						CreatedOnToolsVersion = 6.0;
					};
					98EFDD7B19C080DD007B95C8 = {
						CreatedOnToolsVersion = 6.0;
						TestTargetID = 98EFDD6219C080DD007B95C8;
					};
				};
			};
			buildConfigurationList = 98EFDD5E19C080DD007B95C8 /* Build configuration list for PBXProject "APISiOSExample" */;
			compatibilityVersion = "Xcode 3.2";
			developmentRegion = English;
			hasScannedForEncodings = 0;
			knownRegions = (
				en,
				Base,
			);
			mainGroup = 98EFDD5A19C080DD007B95C8;
			productRefGroup = 98EFDD6419C080DD007B95C8 /* Products */;
			projectDirPath = "";
			projectRoot = "";
			targets = (
				98EFDD6219C080DD007B95C8 /* APISiOSExample */,
				98EFDD7B19C080DD007B95C8 /* APISiOSExampleTests */,
			);
		};
/* End PBXProject section */

/* Begin PBXResourcesBuildPhase section */
		98EFDD6119C080DD007B95C8 /* Resources */ = {
			isa = PBXResourcesBuildPhase;
			buildActionMask = 2147483647;
			files = (
				98EFDD7219C080DD007B95C8 /* Main.storyboard in Resources */,
				98EFDD7719C080DD007B95C8 /* LaunchScreen.xib in Resources */,
				98EFDD7419C080DD007B95C8 /* Images.xcassets in Resources */,
			);
			runOnlyForDeploymentPostprocessing = 0;
		};
		98EFDD7A19C080DD007B95C8 /* Resources */ = {
			isa = PBXResourcesBuildPhase;
			buildActionMask = 2147483647;
			files = (
			);
			runOnlyForDeploymentPostprocessing = 0;
		};
/* End PBXResourcesBuildPhase section */

/* Begin PBXSourcesBuildPhase section */
		98EFDD5F19C080DD007B95C8 /* Sources */ = {
			isa = PBXSourcesBuildPhase;
			buildActionMask = 2147483647;
			files = (
				98EFDD6F19C080DD007B95C8 /* ViewController.m in Sources */,
				98EFDD6C19C080DD007B95C8 /* AppDelegate.m in Sources */,
				98EFDD6919C080DD007B95C8 /* main.m in Sources */,
			);
			runOnlyForDeploymentPostprocessing = 0;
		};
		98EFDD7819C080DD007B95C8 /* Sources */ = {
			isa = PBXSourcesBuildPhase;
			buildActionMask = 2147483647;
			files = (
				98EFDD8319C080DD007B95C8 /* APISiOSExampleTests.m in Sources */,
			);
			runOnlyForDeploymentPostprocessing = 0;
		};
/* End PBXSourcesBuildPhase section */

/* Begin PBXTargetDependency section */
		98EFDD7E19C080DD007B95C8 /* PBXTargetDependency */ = {
			isa = PBXTargetDependency;
			target = 98EFDD6219C080DD007B95C8 /* APISiOSExample */;
			targetProxy = 98EFDD7D19C080DD007B95C8 /* PBXContainerItemProxy */;
		};
		98EFDD8F19C08841007B95C8 /* PBXTargetDependency */ = {
			isa = PBXTargetDependency;
			target = 98EFDD6219C080DD007B95C8 /* APISiOSExample */;
			targetProxy = 98EFDD8E19C08841007B95C8 /* PBXContainerItemProxy */;
		};
		98EFDD9119C08871007B95C8 /* PBXTargetDependency */ = {
			isa = PBXTargetDependency;
			target = 98EFDD6219C080DD007B95C8 /* APISiOSExample */;
			targetProxy = 98EFDD9019C08871007B95C8 /* PBXContainerItemProxy */;
		};
/* End PBXTargetDependency section */

/* Begin PBXVariantGroup section */
		98EFDD7019C080DD007B95C8 /* Main.storyboard */ = {
			isa = PBXVariantGroup;
			children = (
				98EFDD7119C080DD007B95C8 /* Base */,
			);
			name = Main.storyboard;
			sourceTree = "<group>";
		};
		98EFDD7519C080DD007B95C8 /* LaunchScreen.xib */ = {
			isa = PBXVariantGroup;
			children = (
				98EFDD7619C080DD007B95C8 /* Base */,
			);
			name = LaunchScreen.xib;
			sourceTree = "<group>";
		};
/* End PBXVariantGroup section */

/* Begin XCBuildConfiguration section */
		98EFDD8419C080DD007B95C8 /* Debug */ = {
			isa = XCBuildConfiguration;
			buildSettings = {
				ALWAYS_SEARCH_USER_PATHS = NO;
				CLANG_CXX_LANGUAGE_STANDARD = "gnu++0x";
				CLANG_CXX_LIBRARY = "libc++";
				CLANG_ENABLE_MODULES = YES;
				CLANG_ENABLE_OBJC_ARC = YES;
				CLANG_WARN_BOOL_CONVERSION = YES;
				CLANG_WARN_CONSTANT_CONVERSION = YES;
				CLANG_WARN_DIRECT_OBJC_ISA_USAGE = YES_ERROR;
				CLANG_WARN_EMPTY_BODY = YES;
				CLANG_WARN_ENUM_CONVERSION = YES;
				CLANG_WARN_INT_CONVERSION = YES;
				CLANG_WARN_OBJC_ROOT_CLASS = YES_ERROR;
				CLANG_WARN_UNREACHABLE_CODE = YES;
				CLANG_WARN__DUPLICATE_METHOD_MATCH = YES;
				"CODE_SIGN_IDENTITY[sdk=iphoneos*]" = "iPhone Developer: Youji Ueda (K8G8S4W6A2)";
				COPY_PHASE_STRIP = NO;
				ENABLE_STRICT_OBJC_MSGSEND = YES;
				GCC_C_LANGUAGE_STANDARD = gnu99;
				GCC_DYNAMIC_NO_PIC = NO;
				GCC_OPTIMIZATION_LEVEL = 0;
				GCC_PREPROCESSOR_DEFINITIONS = (
					"DEBUG=1",
					"$(inherited)",
				);
				GCC_SYMBOLS_PRIVATE_EXTERN = NO;
				GCC_WARN_64_TO_32_BIT_CONVERSION = YES;
				GCC_WARN_ABOUT_RETURN_TYPE = YES_ERROR;
				GCC_WARN_UNDECLARED_SELECTOR = YES;
				GCC_WARN_UNINITIALIZED_AUTOS = YES_AGGRESSIVE;
				GCC_WARN_UNUSED_FUNCTION = YES;
				GCC_WARN_UNUSED_VARIABLE = YES;
				IPHONEOS_DEPLOYMENT_TARGET = 7.0;
				MTL_ENABLE_DEBUG_INFO = YES;
				ONLY_ACTIVE_ARCH = YES;
				PROVISIONING_PROFILE = "2ab718fa-38b4-4fb8-a477-1c46b228bf5c";
				SDKROOT = iphoneos;
			};
			name = Debug;
		};
		98EFDD8519C080DD007B95C8 /* Release */ = {
			isa = XCBuildConfiguration;
			buildSettings = {
				ALWAYS_SEARCH_USER_PATHS = NO;
				CLANG_CXX_LANGUAGE_STANDARD = "gnu++0x";
				CLANG_CXX_LIBRARY = "libc++";
				CLANG_ENABLE_MODULES = YES;
				CLANG_ENABLE_OBJC_ARC = YES;
				CLANG_WARN_BOOL_CONVERSION = YES;
				CLANG_WARN_CONSTANT_CONVERSION = YES;
				CLANG_WARN_DIRECT_OBJC_ISA_USAGE = YES_ERROR;
				CLANG_WARN_EMPTY_BODY = YES;
				CLANG_WARN_ENUM_CONVERSION = YES;
				CLANG_WARN_INT_CONVERSION = YES;
				CLANG_WARN_OBJC_ROOT_CLASS = YES_ERROR;
				CLANG_WARN_UNREACHABLE_CODE = YES;
				CLANG_WARN__DUPLICATE_METHOD_MATCH = YES;
				"CODE_SIGN_IDENTITY[sdk=iphoneos*]" = "iPhone Developer";
				COPY_PHASE_STRIP = YES;
				ENABLE_NS_ASSERTIONS = NO;
				ENABLE_STRICT_OBJC_MSGSEND = YES;
				GCC_C_LANGUAGE_STANDARD = gnu99;
				GCC_WARN_64_TO_32_BIT_CONVERSION = YES;
				GCC_WARN_ABOUT_RETURN_TYPE = YES_ERROR;
				GCC_WARN_UNDECLARED_SELECTOR = YES;
				GCC_WARN_UNINITIALIZED_AUTOS = YES_AGGRESSIVE;
				GCC_WARN_UNUSED_FUNCTION = YES;
				GCC_WARN_UNUSED_VARIABLE = YES;
				IPHONEOS_DEPLOYMENT_TARGET = 7.0;
				MTL_ENABLE_DEBUG_INFO = NO;
				PROVISIONING_PROFILE = "2ab718fa-38b4-4fb8-a477-1c46b228bf5c";
				SDKROOT = iphoneos;
				VALIDATE_PRODUCT = YES;
			};
			name = Release;
		};
		98EFDD8719C080DD007B95C8 /* Debug */ = {
			isa = XCBuildConfiguration;
			buildSettings = {
				ASSETCATALOG_COMPILER_APPICON_NAME = AppIcon;
				ASSETCATALOG_COMPILER_LAUNCHIMAGE_NAME = LaunchImage;
				FRAMEWORK_SEARCH_PATHS = (
					"$(inherited)",
					"$(PROJECT_DIR)/APISiOSExample",
				);
				INFOPLIST_FILE = APISiOSExample/Info.plist;
				IPHONEOS_DEPLOYMENT_TARGET = 7.0;
				LD_RUNPATH_SEARCH_PATHS = "$(inherited) @executable_path/Frameworks";
				PRODUCT_NAME = "$(TARGET_NAME)";
			};
			name = Debug;
		};
		98EFDD8819C080DD007B95C8 /* Release */ = {
			isa = XCBuildConfiguration;
			buildSettings = {
				ASSETCATALOG_COMPILER_APPICON_NAME = AppIcon;
				ASSETCATALOG_COMPILER_LAUNCHIMAGE_NAME = LaunchImage;
				FRAMEWORK_SEARCH_PATHS = (
					"$(inherited)",
					"$(PROJECT_DIR)/APISiOSExample",
				);
				INFOPLIST_FILE = APISiOSExample/Info.plist;
				IPHONEOS_DEPLOYMENT_TARGET = 7.0;
				LD_RUNPATH_SEARCH_PATHS = "$(inherited) @executable_path/Frameworks";
				PRODUCT_NAME = "$(TARGET_NAME)";
			};
			name = Release;
		};
		98EFDD8A19C080DD007B95C8 /* Debug */ = {
			isa = XCBuildConfiguration;
			buildSettings = {
				BUNDLE_LOADER = "$(TEST_HOST)";
				FRAMEWORK_SEARCH_PATHS = (
					"$(SDKROOT)/Developer/Library/Frameworks",
					"$(inherited)",
				);
				GCC_PREPROCESSOR_DEFINITIONS = (
					"DEBUG=1",
					"$(inherited)",
				);
				INFOPLIST_FILE = APISiOSExampleTests/Info.plist;
				LD_RUNPATH_SEARCH_PATHS = "$(inherited) @executable_path/Frameworks @loader_path/Frameworks";
				PRODUCT_NAME = "$(TARGET_NAME)";
				TEST_HOST = "$(BUILT_PRODUCTS_DIR)/APISiOSExample.app/APISiOSExample";
			};
			name = Debug;
		};
		98EFDD8B19C080DD007B95C8 /* Release */ = {
			isa = XCBuildConfiguration;
			buildSettings = {
				BUNDLE_LOADER = "$(TEST_HOST)";
				FRAMEWORK_SEARCH_PATHS = (
					"$(SDKROOT)/Developer/Library/Frameworks",
					"$(inherited)",
				);
				INFOPLIST_FILE = APISiOSExampleTests/Info.plist;
				LD_RUNPATH_SEARCH_PATHS = "$(inherited) @executable_path/Frameworks @loader_path/Frameworks";
				PRODUCT_NAME = "$(TARGET_NAME)";
				TEST_HOST = "$(BUILT_PRODUCTS_DIR)/APISiOSExample.app/APISiOSExample";
			};
			name = Release;
		};
/* End XCBuildConfiguration section */

/* Begin XCConfigurationList section */
		98EFDD5E19C080DD007B95C8 /* Build configuration list for PBXProject "APISiOSExample" */ = {
			isa = XCConfigurationList;
			buildConfigurations = (
				98EFDD8419C080DD007B95C8 /* Debug */,
				98EFDD8519C080DD007B95C8 /* Release */,
			);
			defaultConfigurationIsVisible = 0;
			defaultConfigurationName = Release;
		};
		98EFDD8619C080DD007B95C8 /* Build configuration list for PBXNativeTarget "APISiOSExample" */ = {
			isa = XCConfigurationList;
			buildConfigurations = (
				98EFDD8719C080DD007B95C8 /* Debug */,
				98EFDD8819C080DD007B95C8 /* Release */,
			);
			defaultConfigurationIsVisible = 0;
			defaultConfigurationName = Release;
		};
		98EFDD8919C080DD007B95C8 /* Build configuration list for PBXNativeTarget "APISiOSExampleTests" */ = {
			isa = XCConfigurationList;
			buildConfigurations = (
				98EFDD8A19C080DD007B95C8 /* Debug */,
				98EFDD8B19C080DD007B95C8 /* Release */,
			);
			defaultConfigurationIsVisible = 0;
			defaultConfigurationName = Release;
		};
/* End XCConfigurationList section */
	};
	rootObject = 98EFDD5B19C080DD007B95C8 /* Project object */;
}
